Microsoft Visual Studio Solution File, Format Version 7.00
Project("{8BC9CEB8-8B4A-11D0-8D11-00A0C91BC942}") = "VCMobi", "VCMobi.vcproj", "{4C64970A-E4C4-444C-B368-E5F87BAD70A8}"
EndProject
Global
	GlobalSection(SolutionConfiguration) = preSolution
		ConfigName.0 = Debug
		ConfigName.1 = Release
	EndGlobalSection
	GlobalSection(ProjectDependencies) = postSolution
	EndGlobalSection
	GlobalSection(ProjectConfiguration) = postSolution
		{4C64970A-E4C4-444C-B368-E5F87BAD70A8}.Debug.ActiveCfg = Debug|Win32
		{4C64970A-E4C4-444C-B368-E5F87BAD70A8}.Debug.Build.0 = Debug|Win32
		{4C64970A-E4C4-444C-B368-E5F87BAD70A8}.Release.ActiveCfg = Release|Win32
		{4C64970A-E4C4-444C-B368-E5F87BAD70A8}.Release.Build.0 = Release|Win32
	EndGlobalSection
	GlobalSection(ExtensibilityGlobals) = postSolution
	EndGlobalSection
	GlobalSection(ExtensibilityAddIns) = postSolution
	EndGlobalSection
EndGlobal
