Microsoft Visual Studio Solution File, Format Version 7.00
Project("{8BC9CEB8-8B4A-11D0-8D11-00A0C91BC942}") = "summonlibmp3lame", "libmp3lame\summonlibmp3lame.vcproj", "{1D9DCCC3-C3D5-4E2C-A05E-977B40430F2E}"
EndProject
Project("{8BC9CEB8-8B4A-11D0-8D11-00A0C91BC942}") = "summonmpglib", "mpglib\summonmpglib.vcproj", "{A7371DE3-E834-49BE-AEE2-1CF0EAEDE711}"
EndProject
Project("{8BC9CEB8-8B4A-11D0-8D11-00A0C91BC942}") = "summonlame", "lame\summonlame.vcproj", "{5AA3883B-F2E9-4001-A18B-4C89E85ECA17}"
EndProject
Project("{8BC9CEB8-8B4A-11D0-8D11-00A0C91BC942}") = "SummonDlg", "SummonDlg\SummonDlg.vcproj", "{00E3F7FB-82AB-4B95-BD86-57A3A788C6F9}"
EndProject
Project("{8BC9CEB8-8B4A-11D0-8D11-00A0C91BC942}") = "faac", "..\SummonAAC\frontend\faac.vcproj", "{B3CF1288-0DE5-4A38-946D-18517D934A44}"
EndProject
Project("{8BC9CEB8-8B4A-11D0-8D11-00A0C91BC942}") = "libfaac", "..\SummonAAC\libfaac\libfaac.vcproj", "{59C3A8A6-7D5E-42B8-A122-973D950CA7AB}"
EndProject
Project("{8BC9CEB8-8B4A-11D0-8D11-00A0C91BC942}") = "libmp4v2", "..\SummonAAC\common\mp4v2\libmp4v260.vcproj", "{23AFE03A-B493-4E20-8CAE-896C862E2E20}"
EndProject
Global
	GlobalSection(SolutionConfiguration) = preSolution
		ConfigName.0 = Debug
		ConfigName.1 = Debug GTK
		ConfigName.2 = Release
		ConfigName.3 = Release GTK
		ConfigName.4 = Release NASM
	EndGlobalSection
	GlobalSection(ProjectDependencies) = postSolution
		{00E3F7FB-82AB-4B95-BD86-57A3A788C6F9}.0 = {A7371DE3-E834-49BE-AEE2-1CF0EAEDE711}
		{00E3F7FB-82AB-4B95-BD86-57A3A788C6F9}.1 = {1D9DCCC3-C3D5-4E2C-A05E-977B40430F2E}
		{00E3F7FB-82AB-4B95-BD86-57A3A788C6F9}.2 = {5AA3883B-F2E9-4001-A18B-4C89E85ECA17}
		{B3CF1288-0DE5-4A38-946D-18517D934A44}.0 = {59C3A8A6-7D5E-42B8-A122-973D950CA7AB}
		{B3CF1288-0DE5-4A38-946D-18517D934A44}.1 = {23AFE03A-B493-4E20-8CAE-896C862E2E20}
	EndGlobalSection
	GlobalSection(ProjectConfiguration) = postSolution
		{1D9DCCC3-C3D5-4E2C-A05E-977B40430F2E}.Debug.ActiveCfg = Debug|Win32
		{1D9DCCC3-C3D5-4E2C-A05E-977B40430F2E}.Debug.Build.0 = Debug|Win32
		{1D9DCCC3-C3D5-4E2C-A05E-977B40430F2E}.Debug GTK.ActiveCfg = Debug GTK|Win32
		{1D9DCCC3-C3D5-4E2C-A05E-977B40430F2E}.Debug GTK.Build.0 = Debug GTK|Win32
		{1D9DCCC3-C3D5-4E2C-A05E-977B40430F2E}.Release.ActiveCfg = Release|Win32
		{1D9DCCC3-C3D5-4E2C-A05E-977B40430F2E}.Release.Build.0 = Release|Win32
		{1D9DCCC3-C3D5-4E2C-A05E-977B40430F2E}.Release GTK.ActiveCfg = Release GTK|Win32
		{1D9DCCC3-C3D5-4E2C-A05E-977B40430F2E}.Release GTK.Build.0 = Release GTK|Win32
		{1D9DCCC3-C3D5-4E2C-A05E-977B40430F2E}.Release NASM.ActiveCfg = Release NASM|Win32
		{1D9DCCC3-C3D5-4E2C-A05E-977B40430F2E}.Release NASM.Build.0 = Release NASM|Win32
		{A7371DE3-E834-49BE-AEE2-1CF0EAEDE711}.Debug.ActiveCfg = Debug|Win32
		{A7371DE3-E834-49BE-AEE2-1CF0EAEDE711}.Debug.Build.0 = Debug|Win32
		{A7371DE3-E834-49BE-AEE2-1CF0EAEDE711}.Debug GTK.ActiveCfg = Debug GTK|Win32
		{A7371DE3-E834-49BE-AEE2-1CF0EAEDE711}.Debug GTK.Build.0 = Debug GTK|Win32
		{A7371DE3-E834-49BE-AEE2-1CF0EAEDE711}.Release.ActiveCfg = Release|Win32
		{A7371DE3-E834-49BE-AEE2-1CF0EAEDE711}.Release.Build.0 = Release|Win32
		{A7371DE3-E834-49BE-AEE2-1CF0EAEDE711}.Release GTK.ActiveCfg = Release GTK|Win32
		{A7371DE3-E834-49BE-AEE2-1CF0EAEDE711}.Release GTK.Build.0 = Release GTK|Win32
		{A7371DE3-E834-49BE-AEE2-1CF0EAEDE711}.Release NASM.ActiveCfg = Release NASM|Win32
		{A7371DE3-E834-49BE-AEE2-1CF0EAEDE711}.Release NASM.Build.0 = Release NASM|Win32
		{5AA3883B-F2E9-4001-A18B-4C89E85ECA17}.Debug.ActiveCfg = Debug|Win32
		{5AA3883B-F2E9-4001-A18B-4C89E85ECA17}.Debug.Build.0 = Debug|Win32
		{5AA3883B-F2E9-4001-A18B-4C89E85ECA17}.Debug GTK.ActiveCfg = Debug|Win32
		{5AA3883B-F2E9-4001-A18B-4C89E85ECA17}.Debug GTK.Build.0 = Debug|Win32
		{5AA3883B-F2E9-4001-A18B-4C89E85ECA17}.Release.ActiveCfg = Release|Win32
		{5AA3883B-F2E9-4001-A18B-4C89E85ECA17}.Release.Build.0 = Release|Win32
		{5AA3883B-F2E9-4001-A18B-4C89E85ECA17}.Release GTK.ActiveCfg = Release NASM|Win32
		{5AA3883B-F2E9-4001-A18B-4C89E85ECA17}.Release GTK.Build.0 = Release NASM|Win32
		{5AA3883B-F2E9-4001-A18B-4C89E85ECA17}.Release NASM.ActiveCfg = Release NASM|Win32
		{5AA3883B-F2E9-4001-A18B-4C89E85ECA17}.Release NASM.Build.0 = Release NASM|Win32
		{00E3F7FB-82AB-4B95-BD86-57A3A788C6F9}.Debug.ActiveCfg = Debug|Win32
		{00E3F7FB-82AB-4B95-BD86-57A3A788C6F9}.Debug.Build.0 = Debug|Win32
		{00E3F7FB-82AB-4B95-BD86-57A3A788C6F9}.Debug GTK.ActiveCfg = Debug|Win32
		{00E3F7FB-82AB-4B95-BD86-57A3A788C6F9}.Debug GTK.Build.0 = Debug|Win32
		{00E3F7FB-82AB-4B95-BD86-57A3A788C6F9}.Release.ActiveCfg = Release|Win32
		{00E3F7FB-82AB-4B95-BD86-57A3A788C6F9}.Release.Build.0 = Release|Win32
		{00E3F7FB-82AB-4B95-BD86-57A3A788C6F9}.Release GTK.ActiveCfg = Release|Win32
		{00E3F7FB-82AB-4B95-BD86-57A3A788C6F9}.Release GTK.Build.0 = Release|Win32
		{00E3F7FB-82AB-4B95-BD86-57A3A788C6F9}.Release NASM.ActiveCfg = Release|Win32
		{00E3F7FB-82AB-4B95-BD86-57A3A788C6F9}.Release NASM.Build.0 = Release|Win32
		{B3CF1288-0DE5-4A38-946D-18517D934A44}.Debug.ActiveCfg = Debug|Win32
		{B3CF1288-0DE5-4A38-946D-18517D934A44}.Debug.Build.0 = Debug|Win32
		{B3CF1288-0DE5-4A38-946D-18517D934A44}.Debug GTK.ActiveCfg = Debug|Win32
		{B3CF1288-0DE5-4A38-946D-18517D934A44}.Debug GTK.Build.0 = Debug|Win32
		{B3CF1288-0DE5-4A38-946D-18517D934A44}.Release.ActiveCfg = Release|Win32
		{B3CF1288-0DE5-4A38-946D-18517D934A44}.Release.Build.0 = Release|Win32
		{B3CF1288-0DE5-4A38-946D-18517D934A44}.Release GTK.ActiveCfg = Release|Win32
		{B3CF1288-0DE5-4A38-946D-18517D934A44}.Release GTK.Build.0 = Release|Win32
		{B3CF1288-0DE5-4A38-946D-18517D934A44}.Release NASM.ActiveCfg = Release|Win32
		{B3CF1288-0DE5-4A38-946D-18517D934A44}.Release NASM.Build.0 = Release|Win32
		{59C3A8A6-7D5E-42B8-A122-973D950CA7AB}.Debug.ActiveCfg = Debug|Win32
		{59C3A8A6-7D5E-42B8-A122-973D950CA7AB}.Debug.Build.0 = Debug|Win32
		{59C3A8A6-7D5E-42B8-A122-973D950CA7AB}.Debug GTK.ActiveCfg = Debug|Win32
		{59C3A8A6-7D5E-42B8-A122-973D950CA7AB}.Debug GTK.Build.0 = Debug|Win32
		{59C3A8A6-7D5E-42B8-A122-973D950CA7AB}.Release.ActiveCfg = Release|Win32
		{59C3A8A6-7D5E-42B8-A122-973D950CA7AB}.Release.Build.0 = Release|Win32
		{59C3A8A6-7D5E-42B8-A122-973D950CA7AB}.Release GTK.ActiveCfg = Release|Win32
		{59C3A8A6-7D5E-42B8-A122-973D950CA7AB}.Release GTK.Build.0 = Release|Win32
		{59C3A8A6-7D5E-42B8-A122-973D950CA7AB}.Release NASM.ActiveCfg = Release|Win32
		{59C3A8A6-7D5E-42B8-A122-973D950CA7AB}.Release NASM.Build.0 = Release|Win32
		{23AFE03A-B493-4E20-8CAE-896C862E2E20}.Debug.ActiveCfg = Debug|Win32
		{23AFE03A-B493-4E20-8CAE-896C862E2E20}.Debug.Build.0 = Debug|Win32
		{23AFE03A-B493-4E20-8CAE-896C862E2E20}.Debug GTK.ActiveCfg = Debug|Win32
		{23AFE03A-B493-4E20-8CAE-896C862E2E20}.Debug GTK.Build.0 = Debug|Win32
		{23AFE03A-B493-4E20-8CAE-896C862E2E20}.Release.ActiveCfg = Release|Win32
		{23AFE03A-B493-4E20-8CAE-896C862E2E20}.Release.Build.0 = Release|Win32
		{23AFE03A-B493-4E20-8CAE-896C862E2E20}.Release GTK.ActiveCfg = Release|Win32
		{23AFE03A-B493-4E20-8CAE-896C862E2E20}.Release GTK.Build.0 = Release|Win32
		{23AFE03A-B493-4E20-8CAE-896C862E2E20}.Release NASM.ActiveCfg = Release|Win32
		{23AFE03A-B493-4E20-8CAE-896C862E2E20}.Release NASM.Build.0 = Release|Win32
	EndGlobalSection
	GlobalSection(ExtensibilityGlobals) = postSolution
	EndGlobalSection
	GlobalSection(ExtensibilityAddIns) = postSolution
	EndGlobalSection
EndGlobal
